
Microsoft Visual Studio Solution File, Format Version 12.00
# Visual Studio Version 16
VisualStudioVersion = 16.0.29215.179
MinimumVisualStudioVersion = 10.0.40219.1
Project("{FAE04EC0-301F-11D3-BF4B-00C04F79EFBC}") = "MontecarloPI", "MontecarloPI\MontecarloPI.csproj", "{5B17B90A-5002-4173-90D5-F03ACB13F185}"
EndProject
Global
	GlobalSection(SolutionConfigurationPlatforms) = preSolution
		Debug|Any CPU = Debug|Any CPU
		Release|Any CPU = Release|Any CPU
	EndGlobalSection
	GlobalSection(ProjectConfigurationPlatforms) = postSolution
		{5B17B90A-5002-4173-90D5-F03ACB13F185}.Debug|Any CPU.ActiveCfg = Debug|Any CPU
		{5B17B90A-5002-4173-90D5-F03ACB13F185}.Debug|Any CPU.Build.0 = Debug|Any CPU
		{5B17B90A-5002-4173-90D5-F03ACB13F185}.Release|Any CPU.ActiveCfg = Release|Any CPU
		{5B17B90A-5002-4173-90D5-F03ACB13F185}.Release|Any CPU.Build.0 = Release|Any CPU
	EndGlobalSection
	GlobalSection(SolutionProperties) = preSolution
		HideSolutionNode = FALSE
	EndGlobalSection
	GlobalSection(ExtensibilityGlobals) = postSolution
		SolutionGuid = {2BD07C08-B54D-47F3-94B2-F283B5F3EA80}
	EndGlobalSection
EndGlobal
